// !$*UTF8*$!
{
	archiveVersion = 1;
	classes = {
	};
	objectVersion = 56;
	objects = {

/* Begin PBXBuildFile section */
		CD2C1A342B4199720069C4D6 /* N과M(2).swift in Sources */ = {isa = PBXBuildFile; fileRef = CD2C1A332B4199720069C4D6 /* N과M(2).swift */; };
		CD2C1A362B41A3090069C4D6 /* N과M(3).swift in Sources */ = {isa = PBXBuildFile; fileRef = CD2C1A352B41A3090069C4D6 /* N과M(3).swift */; };
		CD2C1A382B44EFCE0069C4D6 /* N과M(4).swift in Sources */ = {isa = PBXBuildFile; fileRef = CD2C1A372B44EFCE0069C4D6 /* N과M(4).swift */; };
		CD2C1A3A2B454C960069C4D6 /* N과M(5).swift in Sources */ = {isa = PBXBuildFile; fileRef = CD2C1A392B454C960069C4D6 /* N과M(5).swift */; };
		CD2C1A3C2B4554C10069C4D6 /* N과M(6).swift in Sources */ = {isa = PBXBuildFile; fileRef = CD2C1A3B2B4554C10069C4D6 /* N과M(6).swift */; };
		CD2C1A3E2B4557450069C4D6 /* N과M(7).swift in Sources */ = {isa = PBXBuildFile; fileRef = CD2C1A3D2B4557450069C4D6 /* N과M(7).swift */; };
		CD2C1A402B455EF30069C4D6 /* N과M(8).swift in Sources */ = {isa = PBXBuildFile; fileRef = CD2C1A3F2B455EF30069C4D6 /* N과M(8).swift */; };
		CD2C1A422B458A590069C4D6 /* N과M(9).swift in Sources */ = {isa = PBXBuildFile; fileRef = CD2C1A412B458A590069C4D6 /* N과M(9).swift */; };
		CD488E622B21D98F005B16CF /* 벽부수고이동하기.swift in Sources */ = {isa = PBXBuildFile; fileRef = CD488E612B21D98F005B16CF /* 벽부수고이동하기.swift */; };
		CD488E642B243F86005B16CF /* 텀프로젝트.swift in Sources */ = {isa = PBXBuildFile; fileRef = CD488E632B243F86005B16CF /* 텀프로젝트.swift */; };
		CD5E573B2B3CAAA300225ED6 /* 부분수열의합.swift in Sources */ = {isa = PBXBuildFile; fileRef = CD5E573A2B3CAAA300225ED6 /* 부분수열의합.swift */; };
		CD67B72C2B47F43000A5696F /* Gaaaaaaaaaarden.swift in Sources */ = {isa = PBXBuildFile; fileRef = CD67B72B2B47F43000A5696F /* Gaaaaaaaaaarden.swift */; };
		CD67B7302B505C8300A5696F /* 비숍.swift in Sources */ = {isa = PBXBuildFile; fileRef = CD67B72F2B505C8300A5696F /* 비숍.swift */; };
		CD67B7352B51795F00A5696F /* 감시.swift in Sources */ = {isa = PBXBuildFile; fileRef = CD67B7342B51795F00A5696F /* 감시.swift */; };
		CD67B73C2B55D43E00A5696F /* 수정렬하기.swift in Sources */ = {isa = PBXBuildFile; fileRef = CD67B73B2B55D43E00A5696F /* 수정렬하기.swift */; };
		CD67B73E2B55D88700A5696F /* 수정렬하기2.swift in Sources */ = {isa = PBXBuildFile; fileRef = CD67B73D2B55D88700A5696F /* 수정렬하기2.swift */; };
		CD67B7402B55D9B200A5696F /* 좌표정렬하기2.swift in Sources */ = {isa = PBXBuildFile; fileRef = CD67B73F2B55D9B200A5696F /* 좌표정렬하기2.swift */; };
		CD67B7432B55EA1E00A5696F /* 시리얼번호.swift in Sources */ = {isa = PBXBuildFile; fileRef = CD67B7422B55EA1E00A5696F /* 시리얼번호.swift */; };
		CD67B7452B55F82300A5696F /* 빈도정렬.swift in Sources */ = {isa = PBXBuildFile; fileRef = CD67B7442B55F82300A5696F /* 빈도정렬.swift */; };
		CD67B74B2B560A6500A5696F /* 1로만들기.swift in Sources */ = {isa = PBXBuildFile; fileRef = CD67B74A2B560A6500A5696F /* 1로만들기.swift */; };
		CD67B74D2B56B44700A5696F /* 1,2,3더하기.swift in Sources */ = {isa = PBXBuildFile; fileRef = CD67B74C2B56B44700A5696F /* 1,2,3더하기.swift */; };
		CD6B13292B1CEF10003613ED /* 적록색약.swift in Sources */ = {isa = PBXBuildFile; fileRef = CD6B13282B1CEF10003613ED /* 적록색약.swift */; };
		CD836DC32B0E481500ABD228 /* 최솟값찾기.swift in Sources */ = {isa = PBXBuildFile; fileRef = CD836DC22B0E481500ABD228 /* 최솟값찾기.swift */; };
		CDB66E5C2B459BD2001E8E2D /* N과M(10).swift in Sources */ = {isa = PBXBuildFile; fileRef = CDB66E5B2B459BD2001E8E2D /* N과M(10).swift */; };
		CDB66E5E2B459D30001E8E2D /* N과M(11).swift in Sources */ = {isa = PBXBuildFile; fileRef = CDB66E5D2B459D30001E8E2D /* N과M(11).swift */; };
		CDB66E602B459E59001E8E2D /* N과M(12).swift in Sources */ = {isa = PBXBuildFile; fileRef = CDB66E5F2B459E59001E8E2D /* N과M(12).swift */; };
		CDB66E622B45A044001E8E2D /* 로또.swift in Sources */ = {isa = PBXBuildFile; fileRef = CDB66E612B45A044001E8E2D /* 로또.swift */; };
		CDB66E642B46131D001E8E2D /* 암호만들기.swift in Sources */ = {isa = PBXBuildFile; fileRef = CDB66E632B46131D001E8E2D /* 암호만들기.swift */; };
		CDB66E662B461DCE001E8E2D /* 소문난칠공주.swift in Sources */ = {isa = PBXBuildFile; fileRef = CDB66E652B461DCE001E8E2D /* 소문난칠공주.swift */; };
		CDB66E6A2B46C3F8001E8E2D /* 계란으로계란치기.swift in Sources */ = {isa = PBXBuildFile; fileRef = CDB66E692B46C3F8001E8E2D /* 계란으로계란치기.swift */; };
		CDBE06D42B2851B30070D755 /* 곱셈.swift in Sources */ = {isa = PBXBuildFile; fileRef = CDBE06D32B2851B30070D755 /* 곱셈.swift */; };
		CDBE7EC62B0DAF4D00E7131D /* main.swift in Sources */ = {isa = PBXBuildFile; fileRef = CDBE7EC52B0DAF4D00E7131D /* main.swift */; };
		CDBE7ECD2B0DAF6F00E7131D /* 숫자의개수.swift in Sources */ = {isa = PBXBuildFile; fileRef = CDBE7ECC2B0DAF6F00E7131D /* 숫자의개수.swift */; };
		CDBE7ED12B0DB19900E7131D /* 방번호.swift in Sources */ = {isa = PBXBuildFile; fileRef = CDBE7ED02B0DB19900E7131D /* 방번호.swift */; };
		CDBE7ED42B0DB32300E7131D /* 두수의합.swift in Sources */ = {isa = PBXBuildFile; fileRef = CDBE7ED32B0DB32300E7131D /* 두수의합.swift */; };
		CDBE7ED82B0DB47F00E7131D /* 개수세기.swift in Sources */ = {isa = PBXBuildFile; fileRef = CDBE7ED72B0DB47F00E7131D /* 개수세기.swift */; };
		CDBE7EDB2B0DB56F00E7131D /* 에디터.swift in Sources */ = {isa = PBXBuildFile; fileRef = CDBE7EDA2B0DB56F00E7131D /* 에디터.swift */; };
		CDBE7EDD2B0DB6C800E7131D /* 요세푸스문제.swift in Sources */ = {isa = PBXBuildFile; fileRef = CDBE7EDC2B0DB6C800E7131D /* 요세푸스문제.swift */; };
		CDBE7EE02B0DB79000E7131D /* 스택.swift in Sources */ = {isa = PBXBuildFile; fileRef = CDBE7EDF2B0DB79000E7131D /* 스택.swift */; };
		CDBE7EE22B0DB87B00E7131D /* 제로.swift in Sources */ = {isa = PBXBuildFile; fileRef = CDBE7EE12B0DB87B00E7131D /* 제로.swift */; };
		CDBE7EE42B0DB90D00E7131D /* 스택수열.swift in Sources */ = {isa = PBXBuildFile; fileRef = CDBE7EE32B0DB90D00E7131D /* 스택수열.swift */; };
		CDBE7EE62B0DB9D100E7131D /* 탑.swift in Sources */ = {isa = PBXBuildFile; fileRef = CDBE7EE52B0DB9D100E7131D /* 탑.swift */; };
		CDBE7EE92B0DBA9B00E7131D /* 큐.swift in Sources */ = {isa = PBXBuildFile; fileRef = CDBE7EE82B0DBA9B00E7131D /* 큐.swift */; };
		CDBE7EEB2B0DBB8E00E7131D /* 큐2.swift in Sources */ = {isa = PBXBuildFile; fileRef = CDBE7EEA2B0DBB8E00E7131D /* 큐2.swift */; };
		CDBE7EED2B0DC17D00E7131D /* 카드2.swift in Sources */ = {isa = PBXBuildFile; fileRef = CDBE7EEC2B0DC17D00E7131D /* 카드2.swift */; };
		CDBE7EF02B0DCC4B00E7131D /* 덱.swift in Sources */ = {isa = PBXBuildFile; fileRef = CDBE7EEF2B0DCC4B00E7131D /* 덱.swift */; };
		CDBE7EF42B0DE26000E7131D /* 회전하는큐.swift in Sources */ = {isa = PBXBuildFile; fileRef = CDBE7EF32B0DE26000E7131D /* 회전하는큐.swift */; };
		CDBE7EF62B0DF18900E7131D /* AC.swift in Sources */ = {isa = PBXBuildFile; fileRef = CDBE7EF52B0DF18900E7131D /* AC.swift */; };
		CDE528442B1470A0006BFF89 /* 균형잡힌세상.swift in Sources */ = {isa = PBXBuildFile; fileRef = CDE528432B1470A0006BFF89 /* 균형잡힌세상.swift */; };
		CDE528462B147FCE006BFF89 /* 좋은단어.swift in Sources */ = {isa = PBXBuildFile; fileRef = CDE528452B147FCE006BFF89 /* 좋은단어.swift */; };
		CDE528482B148784006BFF89 /* 괄호.swift in Sources */ = {isa = PBXBuildFile; fileRef = CDE528472B148784006BFF89 /* 괄호.swift */; };
		CDE5284A2B148E86006BFF89 /* 쇠막대기.swift in Sources */ = {isa = PBXBuildFile; fileRef = CDE528492B148E86006BFF89 /* 쇠막대기.swift */; };
		CDE5284E2B14BAA6006BFF89 /* 괄호의값.swift in Sources */ = {isa = PBXBuildFile; fileRef = CDE5284D2B14BAA6006BFF89 /* 괄호의값.swift */; };
		CDF484DD2B2C1AB300749665 /* Z.swift in Sources */ = {isa = PBXBuildFile; fileRef = CDF484DC2B2C1AB300749665 /* Z.swift */; };
/* End PBXBuildFile section */

/* Begin PBXCopyFilesBuildPhase section */
		CDBE7EC02B0DAF4D00E7131D /* CopyFiles */ = {
			isa = PBXCopyFilesBuildPhase;
			buildActionMask = 2147483647;
			dstPath = /usr/share/man/man1/;
			dstSubfolderSpec = 0;
			files = (
			);
			runOnlyForDeploymentPostprocessing = 1;
		};
/* End PBXCopyFilesBuildPhase section */

/* Begin PBXFileReference section */
		CD2C1A332B4199720069C4D6 /* N과M(2).swift */ = {isa = PBXFileReference; lastKnownFileType = sourcecode.swift; path = "N과M(2).swift"; sourceTree = "<group>"; };
		CD2C1A352B41A3090069C4D6 /* N과M(3).swift */ = {isa = PBXFileReference; lastKnownFileType = sourcecode.swift; path = "N과M(3).swift"; sourceTree = "<group>"; };
		CD2C1A372B44EFCE0069C4D6 /* N과M(4).swift */ = {isa = PBXFileReference; lastKnownFileType = sourcecode.swift; path = "N과M(4).swift"; sourceTree = "<group>"; };
		CD2C1A392B454C960069C4D6 /* N과M(5).swift */ = {isa = PBXFileReference; lastKnownFileType = sourcecode.swift; path = "N과M(5).swift"; sourceTree = "<group>"; };
		CD2C1A3B2B4554C10069C4D6 /* N과M(6).swift */ = {isa = PBXFileReference; lastKnownFileType = sourcecode.swift; path = "N과M(6).swift"; sourceTree = "<group>"; };
		CD2C1A3D2B4557450069C4D6 /* N과M(7).swift */ = {isa = PBXFileReference; lastKnownFileType = sourcecode.swift; path = "N과M(7).swift"; sourceTree = "<group>"; };
		CD2C1A3F2B455EF30069C4D6 /* N과M(8).swift */ = {isa = PBXFileReference; lastKnownFileType = sourcecode.swift; path = "N과M(8).swift"; sourceTree = "<group>"; };
		CD2C1A412B458A590069C4D6 /* N과M(9).swift */ = {isa = PBXFileReference; lastKnownFileType = sourcecode.swift; path = "N과M(9).swift"; sourceTree = "<group>"; };
		CD488E612B21D98F005B16CF /* 벽부수고이동하기.swift */ = {isa = PBXFileReference; lastKnownFileType = sourcecode.swift; path = "벽부수고이동하기.swift"; sourceTree = "<group>"; };
		CD488E632B243F86005B16CF /* 텀프로젝트.swift */ = {isa = PBXFileReference; lastKnownFileType = sourcecode.swift; path = "텀프로젝트.swift"; sourceTree = "<group>"; };
		CD5E573A2B3CAAA300225ED6 /* 부분수열의합.swift */ = {isa = PBXFileReference; lastKnownFileType = sourcecode.swift; path = "부분수열의합.swift"; sourceTree = "<group>"; };
		CD67B72B2B47F43000A5696F /* Gaaaaaaaaaarden.swift */ = {isa = PBXFileReference; lastKnownFileType = sourcecode.swift; path = Gaaaaaaaaaarden.swift; sourceTree = "<group>"; };
		CD67B72F2B505C8300A5696F /* 비숍.swift */ = {isa = PBXFileReference; lastKnownFileType = sourcecode.swift; path = "비숍.swift"; sourceTree = "<group>"; };
		CD67B7342B51795F00A5696F /* 감시.swift */ = {isa = PBXFileReference; lastKnownFileType = sourcecode.swift; path = "감시.swift"; sourceTree = "<group>"; };
		CD67B73B2B55D43E00A5696F /* 수정렬하기.swift */ = {isa = PBXFileReference; lastKnownFileType = sourcecode.swift; path = "수정렬하기.swift"; sourceTree = "<group>"; };
		CD67B73D2B55D88700A5696F /* 수정렬하기2.swift */ = {isa = PBXFileReference; lastKnownFileType = sourcecode.swift; path = "수정렬하기2.swift"; sourceTree = "<group>"; };
		CD67B73F2B55D9B200A5696F /* 좌표정렬하기2.swift */ = {isa = PBXFileReference; lastKnownFileType = sourcecode.swift; path = "좌표정렬하기2.swift"; sourceTree = "<group>"; };
		CD67B7422B55EA1E00A5696F /* 시리얼번호.swift */ = {isa = PBXFileReference; lastKnownFileType = sourcecode.swift; path = "시리얼번호.swift"; sourceTree = "<group>"; };
		CD67B7442B55F82300A5696F /* 빈도정렬.swift */ = {isa = PBXFileReference; lastKnownFileType = sourcecode.swift; path = "빈도정렬.swift"; sourceTree = "<group>"; };
		CD67B74A2B560A6500A5696F /* 1로만들기.swift */ = {isa = PBXFileReference; lastKnownFileType = sourcecode.swift; path = "1로만들기.swift"; sourceTree = "<group>"; };
		CD67B74C2B56B44700A5696F /* 1,2,3더하기.swift */ = {isa = PBXFileReference; lastKnownFileType = sourcecode.swift; path = "1,2,3더하기.swift"; sourceTree = "<group>"; };
		CD6B13282B1CEF10003613ED /* 적록색약.swift */ = {isa = PBXFileReference; lastKnownFileType = sourcecode.swift; path = "적록색약.swift"; sourceTree = "<group>"; };
		CD836DC22B0E481500ABD228 /* 최솟값찾기.swift */ = {isa = PBXFileReference; lastKnownFileType = sourcecode.swift; path = "최솟값찾기.swift"; sourceTree = "<group>"; };
		CDB66E5B2B459BD2001E8E2D /* N과M(10).swift */ = {isa = PBXFileReference; lastKnownFileType = sourcecode.swift; path = "N과M(10).swift"; sourceTree = "<group>"; };
		CDB66E5D2B459D30001E8E2D /* N과M(11).swift */ = {isa = PBXFileReference; lastKnownFileType = sourcecode.swift; path = "N과M(11).swift"; sourceTree = "<group>"; };
		CDB66E5F2B459E59001E8E2D /* N과M(12).swift */ = {isa = PBXFileReference; lastKnownFileType = sourcecode.swift; path = "N과M(12).swift"; sourceTree = "<group>"; };
		CDB66E612B45A044001E8E2D /* 로또.swift */ = {isa = PBXFileReference; lastKnownFileType = sourcecode.swift; path = "로또.swift"; sourceTree = "<group>"; };
		CDB66E632B46131D001E8E2D /* 암호만들기.swift */ = {isa = PBXFileReference; lastKnownFileType = sourcecode.swift; path = "암호만들기.swift"; sourceTree = "<group>"; };
		CDB66E652B461DCE001E8E2D /* 소문난칠공주.swift */ = {isa = PBXFileReference; lastKnownFileType = sourcecode.swift; path = "소문난칠공주.swift"; sourceTree = "<group>"; };
		CDB66E692B46C3F8001E8E2D /* 계란으로계란치기.swift */ = {isa = PBXFileReference; lastKnownFileType = sourcecode.swift; path = "계란으로계란치기.swift"; sourceTree = "<group>"; };
		CDBE06D32B2851B30070D755 /* 곱셈.swift */ = {isa = PBXFileReference; lastKnownFileType = sourcecode.swift; path = "곱셈.swift"; sourceTree = "<group>"; };
		CDBE7EC22B0DAF4D00E7131D /* BaekjoonWithSwift */ = {isa = PBXFileReference; explicitFileType = "compiled.mach-o.executable"; includeInIndex = 0; path = BaekjoonWithSwift; sourceTree = BUILT_PRODUCTS_DIR; };
		CDBE7EC52B0DAF4D00E7131D /* main.swift */ = {isa = PBXFileReference; lastKnownFileType = sourcecode.swift; path = main.swift; sourceTree = "<group>"; };
		CDBE7ECC2B0DAF6F00E7131D /* 숫자의개수.swift */ = {isa = PBXFileReference; lastKnownFileType = sourcecode.swift; path = "숫자의개수.swift"; sourceTree = "<group>"; };
		CDBE7ED02B0DB19900E7131D /* 방번호.swift */ = {isa = PBXFileReference; lastKnownFileType = sourcecode.swift; path = "방번호.swift"; sourceTree = "<group>"; };
		CDBE7ED32B0DB32300E7131D /* 두수의합.swift */ = {isa = PBXFileReference; lastKnownFileType = sourcecode.swift; path = "두수의합.swift"; sourceTree = "<group>"; };
		CDBE7ED72B0DB47F00E7131D /* 개수세기.swift */ = {isa = PBXFileReference; lastKnownFileType = sourcecode.swift; path = "개수세기.swift"; sourceTree = "<group>"; };
		CDBE7EDA2B0DB56F00E7131D /* 에디터.swift */ = {isa = PBXFileReference; lastKnownFileType = sourcecode.swift; path = "에디터.swift"; sourceTree = "<group>"; };
		CDBE7EDC2B0DB6C800E7131D /* 요세푸스문제.swift */ = {isa = PBXFileReference; lastKnownFileType = sourcecode.swift; path = "요세푸스문제.swift"; sourceTree = "<group>"; };
		CDBE7EDF2B0DB79000E7131D /* 스택.swift */ = {isa = PBXFileReference; lastKnownFileType = sourcecode.swift; path = "스택.swift"; sourceTree = "<group>"; };
		CDBE7EE12B0DB87B00E7131D /* 제로.swift */ = {isa = PBXFileReference; lastKnownFileType = sourcecode.swift; path = "제로.swift"; sourceTree = "<group>"; };
		CDBE7EE32B0DB90D00E7131D /* 스택수열.swift */ = {isa = PBXFileReference; lastKnownFileType = sourcecode.swift; path = "스택수열.swift"; sourceTree = "<group>"; };
		CDBE7EE52B0DB9D100E7131D /* 탑.swift */ = {isa = PBXFileReference; lastKnownFileType = sourcecode.swift; path = "탑.swift"; sourceTree = "<group>"; };
		CDBE7EE82B0DBA9B00E7131D /* 큐.swift */ = {isa = PBXFileReference; lastKnownFileType = sourcecode.swift; path = "큐.swift"; sourceTree = "<group>"; };
		CDBE7EEA2B0DBB8E00E7131D /* 큐2.swift */ = {isa = PBXFileReference; lastKnownFileType = sourcecode.swift; path = "큐2.swift"; sourceTree = "<group>"; };
		CDBE7EEC2B0DC17D00E7131D /* 카드2.swift */ = {isa = PBXFileReference; lastKnownFileType = sourcecode.swift; path = "카드2.swift"; sourceTree = "<group>"; };
		CDBE7EEF2B0DCC4B00E7131D /* 덱.swift */ = {isa = PBXFileReference; lastKnownFileType = sourcecode.swift; path = "덱.swift"; sourceTree = "<group>"; };
		CDBE7EF32B0DE26000E7131D /* 회전하는큐.swift */ = {isa = PBXFileReference; lastKnownFileType = sourcecode.swift; path = "회전하는큐.swift"; sourceTree = "<group>"; };
		CDBE7EF52B0DF18900E7131D /* AC.swift */ = {isa = PBXFileReference; lastKnownFileType = sourcecode.swift; path = AC.swift; sourceTree = "<group>"; };
		CDE528432B1470A0006BFF89 /* 균형잡힌세상.swift */ = {isa = PBXFileReference; lastKnownFileType = sourcecode.swift; path = "균형잡힌세상.swift"; sourceTree = "<group>"; };
		CDE528452B147FCE006BFF89 /* 좋은단어.swift */ = {isa = PBXFileReference; lastKnownFileType = sourcecode.swift; path = "좋은단어.swift"; sourceTree = "<group>"; };
		CDE528472B148784006BFF89 /* 괄호.swift */ = {isa = PBXFileReference; lastKnownFileType = sourcecode.swift; path = "괄호.swift"; sourceTree = "<group>"; };
		CDE528492B148E86006BFF89 /* 쇠막대기.swift */ = {isa = PBXFileReference; lastKnownFileType = sourcecode.swift; path = "쇠막대기.swift"; sourceTree = "<group>"; };
		CDE5284D2B14BAA6006BFF89 /* 괄호의값.swift */ = {isa = PBXFileReference; lastKnownFileType = sourcecode.swift; path = "괄호의값.swift"; sourceTree = "<group>"; };
		CDF484DC2B2C1AB300749665 /* Z.swift */ = {isa = PBXFileReference; lastKnownFileType = sourcecode.swift; path = Z.swift; sourceTree = "<group>"; };
/* End PBXFileReference section */

/* Begin PBXFrameworksBuildPhase section */
		CDBE7EBF2B0DAF4D00E7131D /* Frameworks */ = {
			isa = PBXFrameworksBuildPhase;
			buildActionMask = 2147483647;
			files = (
			);
			runOnlyForDeploymentPostprocessing = 0;
		};
/* End PBXFrameworksBuildPhase section */

/* Begin PBXGroup section */
		CD5E57372B3CA9E700225ED6 /* 백트래킹 */ = {
			isa = PBXGroup;
			children = (
				CD5E573A2B3CAAA300225ED6 /* 부분수열의합.swift */,
				CD2C1A332B4199720069C4D6 /* N과M(2).swift */,
				CD2C1A352B41A3090069C4D6 /* N과M(3).swift */,
				CD2C1A372B44EFCE0069C4D6 /* N과M(4).swift */,
				CD2C1A392B454C960069C4D6 /* N과M(5).swift */,
				CD2C1A3B2B4554C10069C4D6 /* N과M(6).swift */,
				CD2C1A3D2B4557450069C4D6 /* N과M(7).swift */,
				CD2C1A3F2B455EF30069C4D6 /* N과M(8).swift */,
				CD2C1A412B458A590069C4D6 /* N과M(9).swift */,
				CDB66E5B2B459BD2001E8E2D /* N과M(10).swift */,
				CDB66E5D2B459D30001E8E2D /* N과M(11).swift */,
				CDB66E5F2B459E59001E8E2D /* N과M(12).swift */,
				CDB66E612B45A044001E8E2D /* 로또.swift */,
				CDB66E632B46131D001E8E2D /* 암호만들기.swift */,
				CDB66E652B461DCE001E8E2D /* 소문난칠공주.swift */,
				CDB66E692B46C3F8001E8E2D /* 계란으로계란치기.swift */,
				CD67B72B2B47F43000A5696F /* Gaaaaaaaaaarden.swift */,
				CD67B72F2B505C8300A5696F /* 비숍.swift */,
			);
			name = "백트래킹";
			path = "백트래킹";
			sourceTree = "<group>";
		};
		CD67B7332B51793200A5696F /* 시뮬레이션 */ = {
			isa = PBXGroup;
			children = (
				CD67B7342B51795F00A5696F /* 감시.swift */,
			);
			name = "시뮬레이션";
			path = "시뮬레이션";
			sourceTree = "<group>";
		};
		CD67B73A2B55D41F00A5696F /* 정렬1 */ = {
			isa = PBXGroup;
			children = (
				CD67B73B2B55D43E00A5696F /* 수정렬하기.swift */,
				CD67B73D2B55D88700A5696F /* 수정렬하기2.swift */,
				CD67B73F2B55D9B200A5696F /* 좌표정렬하기2.swift */,
			);
			name = "정렬1";
			path = "정렬1";
			sourceTree = "<group>";
		};
		CD67B7412B55EA1000A5696F /* 정렬2 */ = {
			isa = PBXGroup;
			children = (
				CD67B7422B55EA1E00A5696F /* 시리얼번호.swift */,
				CD67B7442B55F82300A5696F /* 빈도정렬.swift */,
			);
			name = "정렬2";
			path = "정렬2";
			sourceTree = "<group>";
		};
		CD67B7492B560A5100A5696F /* 다이나믹프로그래밍 */ = {
			isa = PBXGroup;
			children = (
				CD67B74A2B560A6500A5696F /* 1로만들기.swift */,
				CD67B74C2B56B44700A5696F /* 1,2,3더하기.swift */,
			);
			name = "다이나믹프로그래밍";
			path = "다이나믹프로그래밍";
			sourceTree = "<group>";
		};
		CD6B13272B1CEEDD003613ED /* BFS */ = {
			isa = PBXGroup;
			children = (
				CD6B13282B1CEF10003613ED /* 적록색약.swift */,
				CD488E612B21D98F005B16CF /* 벽부수고이동하기.swift */,
				CD488E632B243F86005B16CF /* 텀프로젝트.swift */,
			);
			path = BFS;
			sourceTree = "<group>";
		};
		CDBE06D22B28519A0070D755 /* 재귀 */ = {
			isa = PBXGroup;
			children = (
				CDBE06D32B2851B30070D755 /* 곱셈.swift */,
				CDF484DC2B2C1AB300749665 /* Z.swift */,
			);
			name = "재귀";
			path = "재귀";
			sourceTree = "<group>";
		};
		CDBE7EB92B0DAF4D00E7131D = {
			isa = PBXGroup;
			children = (
				CDBE7EC42B0DAF4D00E7131D /* BaekjoonWithSwift */,
				CDBE7EC32B0DAF4D00E7131D /* Products */,
			);
			sourceTree = "<group>";
		};
		CDBE7EC32B0DAF4D00E7131D /* Products */ = {
			isa = PBXGroup;
			children = (
				CDBE7EC22B0DAF4D00E7131D /* BaekjoonWithSwift */,
			);
			name = Products;
			sourceTree = "<group>";
		};
		CDBE7EC42B0DAF4D00E7131D /* BaekjoonWithSwift */ = {
			isa = PBXGroup;
			children = (
				CDBE7EC52B0DAF4D00E7131D /* main.swift */,
				CDBE7ED22B0DB1F800E7131D /* 배열 */,
				CDBE7ED92B0DB54000E7131D /* 연결리스트 */,
				CDBE7EDE2B0DB73B00E7131D /* 스택 */,
				CDBE7EE72B0DBA8300E7131D /* 큐 */,
				CDBE7EEE2B0DCC0000E7131D /* 덱 */,
				CDE528422B14700F006BFF89 /* 스택의활용 */,
				CD6B13272B1CEEDD003613ED /* BFS */,
				CDBE06D22B28519A0070D755 /* 재귀 */,
				CD5E57372B3CA9E700225ED6 /* 백트래킹 */,
				CD67B7332B51793200A5696F /* 시뮬레이션 */,
				CD67B73A2B55D41F00A5696F /* 정렬1 */,
				CD67B7412B55EA1000A5696F /* 정렬2 */,
				CD67B7492B560A5100A5696F /* 다이나믹프로그래밍 */,
			);
			path = BaekjoonWithSwift;
			sourceTree = "<group>";
		};
		CDBE7ED22B0DB1F800E7131D /* 배열 */ = {
			isa = PBXGroup;
			children = (
				CDBE7ECC2B0DAF6F00E7131D /* 숫자의개수.swift */,
				CDBE7ED02B0DB19900E7131D /* 방번호.swift */,
				CDBE7ED32B0DB32300E7131D /* 두수의합.swift */,
				CDBE7ED72B0DB47F00E7131D /* 개수세기.swift */,
			);
			name = "배열";
			path = "배열";
			sourceTree = "<group>";
		};
		CDBE7ED92B0DB54000E7131D /* 연결리스트 */ = {
			isa = PBXGroup;
			children = (
				CDBE7EDA2B0DB56F00E7131D /* 에디터.swift */,
				CDBE7EDC2B0DB6C800E7131D /* 요세푸스문제.swift */,
			);
			name = "연결리스트";
			path = "연결리스트";
			sourceTree = "<group>";
		};
		CDBE7EDE2B0DB73B00E7131D /* 스택 */ = {
			isa = PBXGroup;
			children = (
				CDBE7EDF2B0DB79000E7131D /* 스택.swift */,
				CDBE7EE12B0DB87B00E7131D /* 제로.swift */,
				CDBE7EE32B0DB90D00E7131D /* 스택수열.swift */,
				CDBE7EE52B0DB9D100E7131D /* 탑.swift */,
			);
			name = "스택";
			path = "스택";
			sourceTree = "<group>";
		};
		CDBE7EE72B0DBA8300E7131D /* 큐 */ = {
			isa = PBXGroup;
			children = (
				CDBE7EE82B0DBA9B00E7131D /* 큐.swift */,
				CDBE7EEA2B0DBB8E00E7131D /* 큐2.swift */,
				CDBE7EEC2B0DC17D00E7131D /* 카드2.swift */,
			);
			name = "큐";
			path = "큐";
			sourceTree = "<group>";
		};
		CDBE7EEE2B0DCC0000E7131D /* 덱 */ = {
			isa = PBXGroup;
			children = (
				CDBE7EEF2B0DCC4B00E7131D /* 덱.swift */,
				CDBE7EF32B0DE26000E7131D /* 회전하는큐.swift */,
				CDBE7EF52B0DF18900E7131D /* AC.swift */,
				CD836DC22B0E481500ABD228 /* 최솟값찾기.swift */,
			);
			name = "덱";
			path = "덱";
			sourceTree = "<group>";
		};
		CDE528422B14700F006BFF89 /* 스택의활용 */ = {
			isa = PBXGroup;
			children = (
				CDE528432B1470A0006BFF89 /* 균형잡힌세상.swift */,
				CDE528452B147FCE006BFF89 /* 좋은단어.swift */,
				CDE528472B148784006BFF89 /* 괄호.swift */,
				CDE528492B148E86006BFF89 /* 쇠막대기.swift */,
				CDE5284D2B14BAA6006BFF89 /* 괄호의값.swift */,
			);
			name = "스택의활용";
			path = "스택의활용";
			sourceTree = "<group>";
		};
/* End PBXGroup section */

/* Begin PBXNativeTarget section */
		CDBE7EC12B0DAF4D00E7131D /* BaekjoonWithSwift */ = {
			isa = PBXNativeTarget;
			buildConfigurationList = CDBE7EC92B0DAF4D00E7131D /* Build configuration list for PBXNativeTarget "BaekjoonWithSwift" */;
			buildPhases = (
				CDBE7EBE2B0DAF4D00E7131D /* Sources */,
				CDBE7EBF2B0DAF4D00E7131D /* Frameworks */,
				CDBE7EC02B0DAF4D00E7131D /* CopyFiles */,
			);
			buildRules = (
			);
			dependencies = (
			);
			name = BaekjoonWithSwift;
			productName = BaekjoonWithSwift;
			productReference = CDBE7EC22B0DAF4D00E7131D /* BaekjoonWithSwift */;
			productType = "com.apple.product-type.tool";
		};
/* End PBXNativeTarget section */

/* Begin PBXProject section */
		CDBE7EBA2B0DAF4D00E7131D /* Project object */ = {
			isa = PBXProject;
			attributes = {
				BuildIndependentTargetsInParallel = 1;
				LastSwiftUpdateCheck = 1430;
				LastUpgradeCheck = 1430;
				TargetAttributes = {
					CDBE7EC12B0DAF4D00E7131D = {
						CreatedOnToolsVersion = 14.3.1;
					};
				};
			};
			buildConfigurationList = CDBE7EBD2B0DAF4D00E7131D /* Build configuration list for PBXProject "BaekjoonWithSwift" */;
			compatibilityVersion = "Xcode 14.0";
			developmentRegion = en;
			hasScannedForEncodings = 0;
			knownRegions = (
				en,
				Base,
			);
			mainGroup = CDBE7EB92B0DAF4D00E7131D;
			productRefGroup = CDBE7EC32B0DAF4D00E7131D /* Products */;
			projectDirPath = "";
			projectRoot = "";
			targets = (
				CDBE7EC12B0DAF4D00E7131D /* BaekjoonWithSwift */,
			);
		};
/* End PBXProject section */

/* Begin PBXSourcesBuildPhase section */
		CDBE7EBE2B0DAF4D00E7131D /* Sources */ = {
			isa = PBXSourcesBuildPhase;
			buildActionMask = 2147483647;
			files = (
				CDBE7EED2B0DC17D00E7131D /* 카드2.swift in Sources */,
				CD2C1A362B41A3090069C4D6 /* N과M(3).swift in Sources */,
				CD67B7402B55D9B200A5696F /* 좌표정렬하기2.swift in Sources */,
				CD2C1A422B458A590069C4D6 /* N과M(9).swift in Sources */,
				CDE528482B148784006BFF89 /* 괄호.swift in Sources */,
				CD488E642B243F86005B16CF /* 텀프로젝트.swift in Sources */,
				CDB66E6A2B46C3F8001E8E2D /* 계란으로계란치기.swift in Sources */,
				CDBE06D42B2851B30070D755 /* 곱셈.swift in Sources */,
				CD67B74D2B56B44700A5696F /* 1,2,3더하기.swift in Sources */,
				CDF484DD2B2C1AB300749665 /* Z.swift in Sources */,
				CDBE7ED42B0DB32300E7131D /* 두수의합.swift in Sources */,
				CDBE7EF02B0DCC4B00E7131D /* 덱.swift in Sources */,
				CDB66E5E2B459D30001E8E2D /* N과M(11).swift in Sources */,
				CDBE7EE42B0DB90D00E7131D /* 스택수열.swift in Sources */,
				CDBE7ECD2B0DAF6F00E7131D /* 숫자의개수.swift in Sources */,
				CD2C1A402B455EF30069C4D6 /* N과M(8).swift in Sources */,
				CD2C1A3C2B4554C10069C4D6 /* N과M(6).swift in Sources */,
				CDBE7ED82B0DB47F00E7131D /* 개수세기.swift in Sources */,
				CDBE7EDD2B0DB6C800E7131D /* 요세푸스문제.swift in Sources */,
				CD5E573B2B3CAAA300225ED6 /* 부분수열의합.swift in Sources */,
				CDB66E622B45A044001E8E2D /* 로또.swift in Sources */,
				CD67B7352B51795F00A5696F /* 감시.swift in Sources */,
				CD67B73C2B55D43E00A5696F /* 수정렬하기.swift in Sources */,
				CD836DC32B0E481500ABD228 /* 최솟값찾기.swift in Sources */,
				CDB66E662B461DCE001E8E2D /* 소문난칠공주.swift in Sources */,
				CDBE7EE22B0DB87B00E7131D /* 제로.swift in Sources */,
				CDBE7EEB2B0DBB8E00E7131D /* 큐2.swift in Sources */,
				CDBE7EE02B0DB79000E7131D /* 스택.swift in Sources */,
				CDBE7ED12B0DB19900E7131D /* 방번호.swift in Sources */,
				CD2C1A3A2B454C960069C4D6 /* N과M(5).swift in Sources */,
				CD2C1A382B44EFCE0069C4D6 /* N과M(4).swift in Sources */,
				CDBE7EF62B0DF18900E7131D /* AC.swift in Sources */,
				CDBE7EF42B0DE26000E7131D /* 회전하는큐.swift in Sources */,
				CD67B72C2B47F43000A5696F /* Gaaaaaaaaaarden.swift in Sources */,
				CD67B7302B505C8300A5696F /* 비숍.swift in Sources */,
				CDB66E602B459E59001E8E2D /* N과M(12).swift in Sources */,
				CD67B7452B55F82300A5696F /* 빈도정렬.swift in Sources */,
				CDB66E642B46131D001E8E2D /* 암호만들기.swift in Sources */,
				CDE528442B1470A0006BFF89 /* 균형잡힌세상.swift in Sources */,
				CDE5284A2B148E86006BFF89 /* 쇠막대기.swift in Sources */,
				CDBE7EE92B0DBA9B00E7131D /* 큐.swift in Sources */,
				CDBE7EC62B0DAF4D00E7131D /* main.swift in Sources */,
				CDBE7EE62B0DB9D100E7131D /* 탑.swift in Sources */,
				CDE5284E2B14BAA6006BFF89 /* 괄호의값.swift in Sources */,
				CD6B13292B1CEF10003613ED /* 적록색약.swift in Sources */,
				CDB66E5C2B459BD2001E8E2D /* N과M(10).swift in Sources */,
				CD67B74B2B560A6500A5696F /* 1로만들기.swift in Sources */,
				CD488E622B21D98F005B16CF /* 벽부수고이동하기.swift in Sources */,
				CD2C1A3E2B4557450069C4D6 /* N과M(7).swift in Sources */,
				CDBE7EDB2B0DB56F00E7131D /* 에디터.swift in Sources */,
				CD67B7432B55EA1E00A5696F /* 시리얼번호.swift in Sources */,
				CD2C1A342B4199720069C4D6 /* N과M(2).swift in Sources */,
				CDE528462B147FCE006BFF89 /* 좋은단어.swift in Sources */,
				CD67B73E2B55D88700A5696F /* 수정렬하기2.swift in Sources */,
			);
			runOnlyForDeploymentPostprocessing = 0;
		};
/* End PBXSourcesBuildPhase section */

/* Begin XCBuildConfiguration section */
		CDBE7EC72B0DAF4D00E7131D /* Debug */ = {
			isa = XCBuildConfiguration;
			buildSettings = {
				ALWAYS_SEARCH_USER_PATHS = NO;
				CLANG_ANALYZER_NONNULL = YES;
				CLANG_ANALYZER_NUMBER_OBJECT_CONVERSION = YES_AGGRESSIVE;
				CLANG_CXX_LANGUAGE_STANDARD = "gnu++20";
				CLANG_ENABLE_MODULES = YES;
				CLANG_ENABLE_OBJC_ARC = YES;
				CLANG_ENABLE_OBJC_WEAK = YES;
				CLANG_WARN_BLOCK_CAPTURE_AUTORELEASING = YES;
				CLANG_WARN_BOOL_CONVERSION = YES;
				CLANG_WARN_COMMA = YES;
				CLANG_WARN_CONSTANT_CONVERSION = YES;
				CLANG_WARN_DEPRECATED_OBJC_IMPLEMENTATIONS = YES;
				CLANG_WARN_DIRECT_OBJC_ISA_USAGE = YES_ERROR;
				CLANG_WARN_DOCUMENTATION_COMMENTS = YES;
				CLANG_WARN_EMPTY_BODY = YES;
				CLANG_WARN_ENUM_CONVERSION = YES;
				CLANG_WARN_INFINITE_RECURSION = YES;
				CLANG_WARN_INT_CONVERSION = YES;
				CLANG_WARN_NON_LITERAL_NULL_CONVERSION = YES;
				CLANG_WARN_OBJC_IMPLICIT_RETAIN_SELF = YES;
				CLANG_WARN_OBJC_LITERAL_CONVERSION = YES;
				CLANG_WARN_OBJC_ROOT_CLASS = YES_ERROR;
				CLANG_WARN_QUOTED_INCLUDE_IN_FRAMEWORK_HEADER = YES;
				CLANG_WARN_RANGE_LOOP_ANALYSIS = YES;
				CLANG_WARN_STRICT_PROTOTYPES = YES;
				CLANG_WARN_SUSPICIOUS_MOVE = YES;
				CLANG_WARN_UNGUARDED_AVAILABILITY = YES_AGGRESSIVE;
				CLANG_WARN_UNREACHABLE_CODE = YES;
				CLANG_WARN__DUPLICATE_METHOD_MATCH = YES;
				COPY_PHASE_STRIP = NO;
				DEBUG_INFORMATION_FORMAT = dwarf;
				ENABLE_STRICT_OBJC_MSGSEND = YES;
				ENABLE_TESTABILITY = YES;
				GCC_C_LANGUAGE_STANDARD = gnu11;
				GCC_DYNAMIC_NO_PIC = NO;
				GCC_NO_COMMON_BLOCKS = YES;
				GCC_OPTIMIZATION_LEVEL = 0;
				GCC_PREPROCESSOR_DEFINITIONS = (
					"DEBUG=1",
					"$(inherited)",
				);
				GCC_WARN_64_TO_32_BIT_CONVERSION = YES;
				GCC_WARN_ABOUT_RETURN_TYPE = YES_ERROR;
				GCC_WARN_UNDECLARED_SELECTOR = YES;
				GCC_WARN_UNINITIALIZED_AUTOS = YES_AGGRESSIVE;
				GCC_WARN_UNUSED_FUNCTION = YES;
				GCC_WARN_UNUSED_VARIABLE = YES;
				MACOSX_DEPLOYMENT_TARGET = 13.3;
				MTL_ENABLE_DEBUG_INFO = INCLUDE_SOURCE;
				MTL_FAST_MATH = YES;
				ONLY_ACTIVE_ARCH = YES;
				SDKROOT = macosx;
				SWIFT_ACTIVE_COMPILATION_CONDITIONS = DEBUG;
				SWIFT_OPTIMIZATION_LEVEL = "-Onone";
			};
			name = Debug;
		};
		CDBE7EC82B0DAF4D00E7131D /* Release */ = {
			isa = XCBuildConfiguration;
			buildSettings = {
				ALWAYS_SEARCH_USER_PATHS = NO;
				CLANG_ANALYZER_NONNULL = YES;
				CLANG_ANALYZER_NUMBER_OBJECT_CONVERSION = YES_AGGRESSIVE;
				CLANG_CXX_LANGUAGE_STANDARD = "gnu++20";
				CLANG_ENABLE_MODULES = YES;
				CLANG_ENABLE_OBJC_ARC = YES;
				CLANG_ENABLE_OBJC_WEAK = YES;
				CLANG_WARN_BLOCK_CAPTURE_AUTORELEASING = YES;
				CLANG_WARN_BOOL_CONVERSION = YES;
				CLANG_WARN_COMMA = YES;
				CLANG_WARN_CONSTANT_CONVERSION = YES;
				CLANG_WARN_DEPRECATED_OBJC_IMPLEMENTATIONS = YES;
				CLANG_WARN_DIRECT_OBJC_ISA_USAGE = YES_ERROR;
				CLANG_WARN_DOCUMENTATION_COMMENTS = YES;
				CLANG_WARN_EMPTY_BODY = YES;
				CLANG_WARN_ENUM_CONVERSION = YES;
				CLANG_WARN_INFINITE_RECURSION = YES;
				CLANG_WARN_INT_CONVERSION = YES;
				CLANG_WARN_NON_LITERAL_NULL_CONVERSION = YES;
				CLANG_WARN_OBJC_IMPLICIT_RETAIN_SELF = YES;
				CLANG_WARN_OBJC_LITERAL_CONVERSION = YES;
				CLANG_WARN_OBJC_ROOT_CLASS = YES_ERROR;
				CLANG_WARN_QUOTED_INCLUDE_IN_FRAMEWORK_HEADER = YES;
				CLANG_WARN_RANGE_LOOP_ANALYSIS = YES;
				CLANG_WARN_STRICT_PROTOTYPES = YES;
				CLANG_WARN_SUSPICIOUS_MOVE = YES;
				CLANG_WARN_UNGUARDED_AVAILABILITY = YES_AGGRESSIVE;
				CLANG_WARN_UNREACHABLE_CODE = YES;
				CLANG_WARN__DUPLICATE_METHOD_MATCH = YES;
				COPY_PHASE_STRIP = NO;
				DEBUG_INFORMATION_FORMAT = "dwarf-with-dsym";
				ENABLE_NS_ASSERTIONS = NO;
				ENABLE_STRICT_OBJC_MSGSEND = YES;
				GCC_C_LANGUAGE_STANDARD = gnu11;
				GCC_NO_COMMON_BLOCKS = YES;
				GCC_WARN_64_TO_32_BIT_CONVERSION = YES;
				GCC_WARN_ABOUT_RETURN_TYPE = YES_ERROR;
				GCC_WARN_UNDECLARED_SELECTOR = YES;
				GCC_WARN_UNINITIALIZED_AUTOS = YES_AGGRESSIVE;
				GCC_WARN_UNUSED_FUNCTION = YES;
				GCC_WARN_UNUSED_VARIABLE = YES;
				MACOSX_DEPLOYMENT_TARGET = 13.3;
				MTL_ENABLE_DEBUG_INFO = NO;
				MTL_FAST_MATH = YES;
				SDKROOT = macosx;
				SWIFT_COMPILATION_MODE = wholemodule;
				SWIFT_OPTIMIZATION_LEVEL = "-O";
			};
			name = Release;
		};
		CDBE7ECA2B0DAF4D00E7131D /* Debug */ = {
			isa = XCBuildConfiguration;
			buildSettings = {
				CODE_SIGN_STYLE = Automatic;
				DEVELOPMENT_TEAM = HS56L7UM37;
				ENABLE_HARDENED_RUNTIME = YES;
				PRODUCT_NAME = "$(TARGET_NAME)";
				SWIFT_VERSION = 5.0;
			};
			name = Debug;
		};
		CDBE7ECB2B0DAF4D00E7131D /* Release */ = {
			isa = XCBuildConfiguration;
			buildSettings = {
				CODE_SIGN_STYLE = Automatic;
				DEVELOPMENT_TEAM = HS56L7UM37;
				ENABLE_HARDENED_RUNTIME = YES;
				PRODUCT_NAME = "$(TARGET_NAME)";
				SWIFT_VERSION = 5.0;
			};
			name = Release;
		};
/* End XCBuildConfiguration section */

/* Begin XCConfigurationList section */
		CDBE7EBD2B0DAF4D00E7131D /* Build configuration list for PBXProject "BaekjoonWithSwift" */ = {
			isa = XCConfigurationList;
			buildConfigurations = (
				CDBE7EC72B0DAF4D00E7131D /* Debug */,
				CDBE7EC82B0DAF4D00E7131D /* Release */,
			);
			defaultConfigurationIsVisible = 0;
			defaultConfigurationName = Release;
		};
		CDBE7EC92B0DAF4D00E7131D /* Build configuration list for PBXNativeTarget "BaekjoonWithSwift" */ = {
			isa = XCConfigurationList;
			buildConfigurations = (
				CDBE7ECA2B0DAF4D00E7131D /* Debug */,
				CDBE7ECB2B0DAF4D00E7131D /* Release */,
			);
			defaultConfigurationIsVisible = 0;
			defaultConfigurationName = Release;
		};
/* End XCConfigurationList section */
	};
	rootObject = CDBE7EBA2B0DAF4D00E7131D /* Project object */;
}
